{
  "name": "BAIGIANGVN",
  "lockfileVersion": 2,
  "requires": true,
  "packages": {
    "": {
      "dependencies": {
        "suneditor": "^2.41.3"
      }
    },
    "node_modules/suneditor": {
      "version": "2.41.3",
      "resolved": "https://registry.npmjs.org/suneditor/-/suneditor-2.41.3.tgz",
      "integrity": "sha512-V4Hz1PY2MhIhw2Lf1iInjEhuVp65B5EbqKb8GpBluZDfx3MnZnNm5v/+Ssr1rV9swTCUWOsl8Qo92KhLMZIllA=="
    }
  },
  "dependencies": {
    "suneditor": {
      "version": "2.41.3",
      "resolved": "https://registry.npmjs.org/suneditor/-/suneditor-2.41.3.tgz",
      "integrity": "sha512-V4Hz1PY2MhIhw2Lf1iInjEhuVp65B5EbqKb8GpBluZDfx3MnZnNm5v/+Ssr1rV9swTCUWOsl8Qo92KhLMZIllA=="
    }
  }
}
